
Microsoft Visual Studio Solution File, Format Version 12.00
# Visual Studio Version 17
VisualStudioVersion = 17.8.34316.72
MinimumVisualStudioVersion = 10.0.40219.1
Project("{9A19103F-16F7-4668-BE54-9A1E7A4F7556}") = "API", "API\API.csproj", "{F1CBD889-3F88-4570-8891-25CE3D6BA811}"
EndProject
Project("{9A19103F-16F7-4668-BE54-9A1E7A4F7556}") = "Core", "Core\Core.csproj", "{8C30ED32-9A74-4261-9E33-7B6C3AF8AF80}"
EndProject
Project("{9A19103F-16F7-4668-BE54-9A1E7A4F7556}") = "Infrastructure", "Infrastructure\Infrastructure.csproj", "{B834275B-46D7-428D-95B9-661573AD1C35}"
EndProject
Project("{2150E333-8FDC-42A3-9474-1A3956D46DE8}") = "Requests", "Requests", "{1332DE28-85F6-4C46-A0C0-514E21F90B7A}"
	ProjectSection(SolutionItems) = preProject
		API.http = API.http
	EndProjectSection
EndProject
Project("{54A90642-561A-4BB1-A94E-469ADEE60C69}") = "spa", "SPA\spa.esproj", "{95D55661-4462-4534-A217-3C4AFCA9D63B}"
EndProject
Global
	GlobalSection(SolutionConfigurationPlatforms) = preSolution
		Debug|Any CPU = Debug|Any CPU
		Release|Any CPU = Release|Any CPU
	EndGlobalSection
	GlobalSection(ProjectConfigurationPlatforms) = postSolution
		{F1CBD889-3F88-4570-8891-25CE3D6BA811}.Debug|Any CPU.ActiveCfg = Debug|Any CPU
		{F1CBD889-3F88-4570-8891-25CE3D6BA811}.Debug|Any CPU.Build.0 = Debug|Any CPU
		{F1CBD889-3F88-4570-8891-25CE3D6BA811}.Release|Any CPU.ActiveCfg = Release|Any CPU
		{F1CBD889-3F88-4570-8891-25CE3D6BA811}.Release|Any CPU.Build.0 = Release|Any CPU
		{8C30ED32-9A74-4261-9E33-7B6C3AF8AF80}.Debug|Any CPU.ActiveCfg = Debug|Any CPU
		{8C30ED32-9A74-4261-9E33-7B6C3AF8AF80}.Debug|Any CPU.Build.0 = Debug|Any CPU
		{8C30ED32-9A74-4261-9E33-7B6C3AF8AF80}.Release|Any CPU.ActiveCfg = Release|Any CPU
		{8C30ED32-9A74-4261-9E33-7B6C3AF8AF80}.Release|Any CPU.Build.0 = Release|Any CPU
		{B834275B-46D7-428D-95B9-661573AD1C35}.Debug|Any CPU.ActiveCfg = Debug|Any CPU
		{B834275B-46D7-428D-95B9-661573AD1C35}.Debug|Any CPU.Build.0 = Debug|Any CPU
		{B834275B-46D7-428D-95B9-661573AD1C35}.Release|Any CPU.ActiveCfg = Release|Any CPU
		{B834275B-46D7-428D-95B9-661573AD1C35}.Release|Any CPU.Build.0 = Release|Any CPU
		{95D55661-4462-4534-A217-3C4AFCA9D63B}.Debug|Any CPU.ActiveCfg = Debug|Any CPU
		{95D55661-4462-4534-A217-3C4AFCA9D63B}.Debug|Any CPU.Build.0 = Debug|Any CPU
		{95D55661-4462-4534-A217-3C4AFCA9D63B}.Debug|Any CPU.Deploy.0 = Debug|Any CPU
		{95D55661-4462-4534-A217-3C4AFCA9D63B}.Release|Any CPU.ActiveCfg = Release|Any CPU
		{95D55661-4462-4534-A217-3C4AFCA9D63B}.Release|Any CPU.Build.0 = Release|Any CPU
		{95D55661-4462-4534-A217-3C4AFCA9D63B}.Release|Any CPU.Deploy.0 = Release|Any CPU
	EndGlobalSection
	GlobalSection(SolutionProperties) = preSolution
		HideSolutionNode = FALSE
	EndGlobalSection
	GlobalSection(ExtensibilityGlobals) = postSolution
		SolutionGuid = {940419B9-C449-445D-B695-6BFDC11A9E63}
	EndGlobalSection
EndGlobal
